
Microsoft Visual Studio Solution File, Format Version 12.00
# Visual Studio Version 17
VisualStudioVersion = 17.1.32210.238
MinimumVisualStudioVersion = 10.0.40219.1
Project("{FAE04EC0-301F-11D3-BF4B-00C04F79EFBC}") = "Calculator", "Calculator\Calculator.csproj", "{48ED18EC-BEB9-42F7-9FA4-E0D7C18CFFC1}"
EndProject
Global
	GlobalSection(SolutionConfigurationPlatforms) = preSolution
		Debug|Any CPU = Debug|Any CPU
		Release|Any CPU = Release|Any CPU
	EndGlobalSection
	GlobalSection(ProjectConfigurationPlatforms) = postSolution
		{48ED18EC-BEB9-42F7-9FA4-E0D7C18CFFC1}.Debug|Any CPU.ActiveCfg = Debug|Any CPU
		{48ED18EC-BEB9-42F7-9FA4-E0D7C18CFFC1}.Debug|Any CPU.Build.0 = Debug|Any CPU
		{48ED18EC-BEB9-42F7-9FA4-E0D7C18CFFC1}.Release|Any CPU.ActiveCfg = Release|Any CPU
		{48ED18EC-BEB9-42F7-9FA4-E0D7C18CFFC1}.Release|Any CPU.Build.0 = Release|Any CPU
	EndGlobalSection
	GlobalSection(SolutionProperties) = preSolution
		HideSolutionNode = FALSE
	EndGlobalSection
	GlobalSection(ExtensibilityGlobals) = postSolution
		SolutionGuid = {3F336498-131D-420D-A62C-EDD7D7A51563}
	EndGlobalSection
EndGlobal
